
Microsoft Visual Studio Solution File, Format Version 12.00
# Visual Studio Version 16
VisualStudioVersion = 16.0.30011.22
MinimumVisualStudioVersion = 10.0.40219.1
Project("{888888A0-9F3D-457C-B088-3A5042F75D52}") = "Python期中作业", "Python期中作业.pyproj", "{FD4AC21E-2445-4913-9C34-CA18C457EBE1}"
EndProject
Global
	GlobalSection(SolutionConfigurationPlatforms) = preSolution
		Debug|Any CPU = Debug|Any CPU
		Release|Any CPU = Release|Any CPU
	EndGlobalSection
	GlobalSection(ProjectConfigurationPlatforms) = postSolution
		{FD4AC21E-2445-4913-9C34-CA18C457EBE1}.Debug|Any CPU.ActiveCfg = Debug|Any CPU
		{FD4AC21E-2445-4913-9C34-CA18C457EBE1}.Release|Any CPU.ActiveCfg = Release|Any CPU
	EndGlobalSection
	GlobalSection(SolutionProperties) = preSolution
		HideSolutionNode = FALSE
	EndGlobalSection
	GlobalSection(ExtensibilityGlobals) = postSolution
		SolutionGuid = {3FC1A0E1-EDE4-4DCB-8CD1-753DD3351506}
	EndGlobalSection
EndGlobal
